
Microsoft Visual Studio Solution File, Format Version 12.00
# Visual Studio Version 16
VisualStudioVersion = 16.0.30907.101
MinimumVisualStudioVersion = 10.0.40219.1
Project("{FAE04EC0-301F-11D3-BF4B-00C04F79EFBC}") = "praktic5-6", "praktic5-6\praktic5-6.csproj", "{687A9C80-FD6F-4899-83B4-11CB0CAEB6A8}"
EndProject
Global
	GlobalSection(SolutionConfigurationPlatforms) = preSolution
		Debug|Any CPU = Debug|Any CPU
		Release|Any CPU = Release|Any CPU
	EndGlobalSection
	GlobalSection(ProjectConfigurationPlatforms) = postSolution
		{687A9C80-FD6F-4899-83B4-11CB0CAEB6A8}.Debug|Any CPU.ActiveCfg = Debug|Any CPU
		{687A9C80-FD6F-4899-83B4-11CB0CAEB6A8}.Debug|Any CPU.Build.0 = Debug|Any CPU
		{687A9C80-FD6F-4899-83B4-11CB0CAEB6A8}.Release|Any CPU.ActiveCfg = Release|Any CPU
		{687A9C80-FD6F-4899-83B4-11CB0CAEB6A8}.Release|Any CPU.Build.0 = Release|Any CPU
	EndGlobalSection
	GlobalSection(SolutionProperties) = preSolution
		HideSolutionNode = FALSE
	EndGlobalSection
	GlobalSection(ExtensibilityGlobals) = postSolution
		SolutionGuid = {1AAA46C4-AA8B-47AB-9108-E06EEFEAF3B6}
	EndGlobalSection
EndGlobal
